
Microsoft Visual Studio Solution File, Format Version 12.00
# Visual Studio Version 17
VisualStudioVersion = 17.5.002.0
MinimumVisualStudioVersion = 10.0.40219.1
Project("{9A19103F-16F7-4668-BE54-9A1E7A4F7556}") = "FormsApp", "FormsApp.csproj", "{8237794A-A1E5-471E-93E8-B9AFE3CD3FE4}"
EndProject
Global
	GlobalSection(SolutionConfigurationPlatforms) = preSolution
		Debug|Any CPU = Debug|Any CPU
		Release|Any CPU = Release|Any CPU
	EndGlobalSection
	GlobalSection(ProjectConfigurationPlatforms) = postSolution
		{8237794A-A1E5-471E-93E8-B9AFE3CD3FE4}.Debug|Any CPU.ActiveCfg = Debug|Any CPU
		{8237794A-A1E5-471E-93E8-B9AFE3CD3FE4}.Debug|Any CPU.Build.0 = Debug|Any CPU
		{8237794A-A1E5-471E-93E8-B9AFE3CD3FE4}.Release|Any CPU.ActiveCfg = Release|Any CPU
		{8237794A-A1E5-471E-93E8-B9AFE3CD3FE4}.Release|Any CPU.Build.0 = Release|Any CPU
	EndGlobalSection
	GlobalSection(SolutionProperties) = preSolution
		HideSolutionNode = FALSE
	EndGlobalSection
	GlobalSection(ExtensibilityGlobals) = postSolution
		SolutionGuid = {C4BC10FF-97AB-49C0-ACD8-0CBCBA031309}
	EndGlobalSection
EndGlobal
